// !$*UTF8*$!
{
	archiveVersion = 1;
	classes = {
	};
	objectVersion = 56;
	objects = {

/* Begin PBXBuildFile section */
		025A34652ADC76820008CAC0 /* lmApp.swift in Sources */ = {isa = PBXBuildFile; fileRef = 025A34642ADC76820008CAC0 /* lmApp.swift */; };
		025A34672ADC76820008CAC0 /* ContentView.swift in Sources */ = {isa = PBXBuildFile; fileRef = 025A34662ADC76820008CAC0 /* ContentView.swift */; };
		025A34692ADC76830008CAC0 /* Assets.xcassets in Resources */ = {isa = PBXBuildFile; fileRef = 025A34682ADC76830008CAC0 /* Assets.xcassets */; };
		025A346C2ADC76830008CAC0 /* Preview Assets.xcassets in Resources */ = {isa = PBXBuildFile; fileRef = 025A346B2ADC76830008CAC0 /* Preview Assets.xcassets */; };
		025A34732ADC7B0C0008CAC0 /* CircleImage.swift in Sources */ = {isa = PBXBuildFile; fileRef = 025A34722ADC7B0C0008CAC0 /* CircleImage.swift */; };
		025A34752ADC7B900008CAC0 /* MapView.swift in Sources */ = {isa = PBXBuildFile; fileRef = 025A34742ADC7B900008CAC0 /* MapView.swift */; };
		025A34772ADC7E400008CAC0 /* landmarkData.json in Resources */ = {isa = PBXBuildFile; fileRef = 025A34762ADC7E400008CAC0 /* landmarkData.json */; };
		025A34792ADC7E540008CAC0 /* Landmark.swift in Sources */ = {isa = PBXBuildFile; fileRef = 025A34782ADC7E540008CAC0 /* Landmark.swift */; };
		025A347B2ADC7F210008CAC0 /* ModelData.swift in Sources */ = {isa = PBXBuildFile; fileRef = 025A347A2ADC7F210008CAC0 /* ModelData.swift */; };
		025A34802ADC81060008CAC0 /* LandmarkRow.swift in Sources */ = {isa = PBXBuildFile; fileRef = 025A347F2ADC81060008CAC0 /* LandmarkRow.swift */; };
		026E67D22AEE3FA400C2D546 /* LandmarkList.swift in Sources */ = {isa = PBXBuildFile; fileRef = 026E67D12AEE3FA400C2D546 /* LandmarkList.swift */; };
		02AA257F2AF2526C00F29BFD /* LandmarkDetail.swift in Sources */ = {isa = PBXBuildFile; fileRef = 02AA257E2AF2526C00F29BFD /* LandmarkDetail.swift */; };
		02AA25812AF267E900F29BFD /* FavoriteButton.swift in Sources */ = {isa = PBXBuildFile; fileRef = 02AA25802AF267E900F29BFD /* FavoriteButton.swift */; };
		02AA25862AF2931F00F29BFD /* HexagonParameters.swift in Sources */ = {isa = PBXBuildFile; fileRef = 02AA25852AF2931F00F29BFD /* HexagonParameters.swift */; };
		02AA25882AF293A600F29BFD /* BadgeBackground.swift in Sources */ = {isa = PBXBuildFile; fileRef = 02AA25872AF293A600F29BFD /* BadgeBackground.swift */; };
		02AA258A2AF297D400F29BFD /* BadgeSymbol.swift in Sources */ = {isa = PBXBuildFile; fileRef = 02AA25892AF297D400F29BFD /* BadgeSymbol.swift */; };
		02AA258C2AF297F600F29BFD /* RotatedBadgeSymbol.swift in Sources */ = {isa = PBXBuildFile; fileRef = 02AA258B2AF297F600F29BFD /* RotatedBadgeSymbol.swift */; };
		02AA258E2AF2983C00F29BFD /* Badge.swift in Sources */ = {isa = PBXBuildFile; fileRef = 02AA258D2AF2983C00F29BFD /* Badge.swift */; };
		02AA25912AF299A900F29BFD /* hikeData.json in Resources */ = {isa = PBXBuildFile; fileRef = 02AA25902AF299A900F29BFD /* hikeData.json */; };
		02AA25932AF299D900F29BFD /* Hike.swift in Sources */ = {isa = PBXBuildFile; fileRef = 02AA25922AF299D900F29BFD /* Hike.swift */; };
		02AA25992AF29A5800F29BFD /* GraphCapsule.swift in Sources */ = {isa = PBXBuildFile; fileRef = 02AA25952AF29A5800F29BFD /* GraphCapsule.swift */; };
		02AA259A2AF29A5800F29BFD /* HikeGraph.swift in Sources */ = {isa = PBXBuildFile; fileRef = 02AA25962AF29A5800F29BFD /* HikeGraph.swift */; };
		02AA259B2AF29A5800F29BFD /* HikeDetail.swift in Sources */ = {isa = PBXBuildFile; fileRef = 02AA25972AF29A5800F29BFD /* HikeDetail.swift */; };
		02AA259C2AF29A5800F29BFD /* HikeView.swift in Sources */ = {isa = PBXBuildFile; fileRef = 02AA25982AF29A5800F29BFD /* HikeView.swift */; };
		02AA259F2AF29E0E00F29BFD /* CategoryHome.swift in Sources */ = {isa = PBXBuildFile; fileRef = 02AA259E2AF29E0E00F29BFD /* CategoryHome.swift */; };
		02AA25A12AF2AA1100F29BFD /* CategoryRow.swift in Sources */ = {isa = PBXBuildFile; fileRef = 02AA25A02AF2AA1100F29BFD /* CategoryRow.swift */; };
		02AA25A32AF2AA6700F29BFD /* CategoryItem.swift in Sources */ = {isa = PBXBuildFile; fileRef = 02AA25A22AF2AA6700F29BFD /* CategoryItem.swift */; };
		02AA25A52AF2ADD700F29BFD /* Profile.swift in Sources */ = {isa = PBXBuildFile; fileRef = 02AA25A42AF2ADD700F29BFD /* Profile.swift */; };
		02AA25A82AF2AFC400F29BFD /* ProfileHost.swift in Sources */ = {isa = PBXBuildFile; fileRef = 02AA25A72AF2AFC400F29BFD /* ProfileHost.swift */; };
		02AA25AA2AF2B00B00F29BFD /* ProfileSummary.swift in Sources */ = {isa = PBXBuildFile; fileRef = 02AA25A92AF2B00B00F29BFD /* ProfileSummary.swift */; };
		02AA25AD2AF2B0B000F29BFD /* HikeBadge.swift in Sources */ = {isa = PBXBuildFile; fileRef = 02AA25AC2AF2B0B000F29BFD /* HikeBadge.swift */; };
		02AA25AF2AF2B33B00F29BFD /* ProfileEditor.swift in Sources */ = {isa = PBXBuildFile; fileRef = 02AA25AE2AF2B33B00F29BFD /* ProfileEditor.swift */; };
		02AA25B12AF2C8C500F29BFD /* .gitignore in Resources */ = {isa = PBXBuildFile; fileRef = 02AA25B02AF2C8C500F29BFD /* .gitignore */; };
/* End PBXBuildFile section */

/* Begin PBXFileReference section */
		025A34612ADC76820008CAC0 /* lm.app */ = {isa = PBXFileReference; explicitFileType = wrapper.application; includeInIndex = 0; path = lm.app; sourceTree = BUILT_PRODUCTS_DIR; };
		025A34642ADC76820008CAC0 /* lmApp.swift */ = {isa = PBXFileReference; lastKnownFileType = sourcecode.swift; path = lmApp.swift; sourceTree = "<group>"; };
		025A34662ADC76820008CAC0 /* ContentView.swift */ = {isa = PBXFileReference; lastKnownFileType = sourcecode.swift; path = ContentView.swift; sourceTree = "<group>"; };
		025A34682ADC76830008CAC0 /* Assets.xcassets */ = {isa = PBXFileReference; lastKnownFileType = folder.assetcatalog; path = Assets.xcassets; sourceTree = "<group>"; };
		025A346B2ADC76830008CAC0 /* Preview Assets.xcassets */ = {isa = PBXFileReference; lastKnownFileType = folder.assetcatalog; path = "Preview Assets.xcassets"; sourceTree = "<group>"; };
		025A34722ADC7B0C0008CAC0 /* CircleImage.swift */ = {isa = PBXFileReference; lastKnownFileType = sourcecode.swift; path = CircleImage.swift; sourceTree = "<group>"; };
		025A34742ADC7B900008CAC0 /* MapView.swift */ = {isa = PBXFileReference; lastKnownFileType = sourcecode.swift; path = MapView.swift; sourceTree = "<group>"; };
		025A34762ADC7E400008CAC0 /* landmarkData.json */ = {isa = PBXFileReference; fileEncoding = 4; lastKnownFileType = text.json; path = landmarkData.json; sourceTree = "<group>"; };
		025A34782ADC7E540008CAC0 /* Landmark.swift */ = {isa = PBXFileReference; lastKnownFileType = sourcecode.swift; path = Landmark.swift; sourceTree = "<group>"; };
		025A347A2ADC7F210008CAC0 /* ModelData.swift */ = {isa = PBXFileReference; lastKnownFileType = sourcecode.swift; path = ModelData.swift; sourceTree = "<group>"; };
		025A347F2ADC81060008CAC0 /* LandmarkRow.swift */ = {isa = PBXFileReference; lastKnownFileType = sourcecode.swift; path = LandmarkRow.swift; sourceTree = "<group>"; };
		026E67D12AEE3FA400C2D546 /* LandmarkList.swift */ = {isa = PBXFileReference; lastKnownFileType = sourcecode.swift; path = LandmarkList.swift; sourceTree = "<group>"; };
		02AA257E2AF2526C00F29BFD /* LandmarkDetail.swift */ = {isa = PBXFileReference; lastKnownFileType = sourcecode.swift; path = LandmarkDetail.swift; sourceTree = "<group>"; };
		02AA25802AF267E900F29BFD /* FavoriteButton.swift */ = {isa = PBXFileReference; lastKnownFileType = sourcecode.swift; path = FavoriteButton.swift; sourceTree = SOURCE_ROOT; };
		02AA25852AF2931F00F29BFD /* HexagonParameters.swift */ = {isa = PBXFileReference; lastKnownFileType = sourcecode.swift; path = HexagonParameters.swift; sourceTree = SOURCE_ROOT; };
		02AA25872AF293A600F29BFD /* BadgeBackground.swift */ = {isa = PBXFileReference; lastKnownFileType = sourcecode.swift; path = BadgeBackground.swift; sourceTree = "<group>"; };
		02AA25892AF297D400F29BFD /* BadgeSymbol.swift */ = {isa = PBXFileReference; lastKnownFileType = sourcecode.swift; path = BadgeSymbol.swift; sourceTree = "<group>"; };
		02AA258B2AF297F600F29BFD /* RotatedBadgeSymbol.swift */ = {isa = PBXFileReference; lastKnownFileType = sourcecode.swift; path = RotatedBadgeSymbol.swift; sourceTree = "<group>"; };
		02AA258D2AF2983C00F29BFD /* Badge.swift */ = {isa = PBXFileReference; lastKnownFileType = sourcecode.swift; path = Badge.swift; sourceTree = "<group>"; };
		02AA25902AF299A900F29BFD /* hikeData.json */ = {isa = PBXFileReference; fileEncoding = 4; lastKnownFileType = text.json; path = hikeData.json; sourceTree = "<group>"; };
		02AA25922AF299D900F29BFD /* Hike.swift */ = {isa = PBXFileReference; lastKnownFileType = sourcecode.swift; name = Hike.swift; path = lm/Hike.swift; sourceTree = SOURCE_ROOT; };
		02AA25952AF29A5800F29BFD /* GraphCapsule.swift */ = {isa = PBXFileReference; fileEncoding = 4; lastKnownFileType = sourcecode.swift; path = GraphCapsule.swift; sourceTree = "<group>"; };
		02AA25962AF29A5800F29BFD /* HikeGraph.swift */ = {isa = PBXFileReference; fileEncoding = 4; lastKnownFileType = sourcecode.swift; path = HikeGraph.swift; sourceTree = "<group>"; };
		02AA25972AF29A5800F29BFD /* HikeDetail.swift */ = {isa = PBXFileReference; fileEncoding = 4; lastKnownFileType = sourcecode.swift; path = HikeDetail.swift; sourceTree = "<group>"; };
		02AA25982AF29A5800F29BFD /* HikeView.swift */ = {isa = PBXFileReference; fileEncoding = 4; lastKnownFileType = sourcecode.swift; path = HikeView.swift; sourceTree = "<group>"; };
		02AA259E2AF29E0E00F29BFD /* CategoryHome.swift */ = {isa = PBXFileReference; lastKnownFileType = sourcecode.swift; path = CategoryHome.swift; sourceTree = "<group>"; };
		02AA25A02AF2AA1100F29BFD /* CategoryRow.swift */ = {isa = PBXFileReference; lastKnownFileType = sourcecode.swift; path = CategoryRow.swift; sourceTree = "<group>"; };
		02AA25A22AF2AA6700F29BFD /* CategoryItem.swift */ = {isa = PBXFileReference; lastKnownFileType = sourcecode.swift; path = CategoryItem.swift; sourceTree = "<group>"; };
		02AA25A42AF2ADD700F29BFD /* Profile.swift */ = {isa = PBXFileReference; lastKnownFileType = sourcecode.swift; path = Profile.swift; sourceTree = "<group>"; };
		02AA25A72AF2AFC400F29BFD /* ProfileHost.swift */ = {isa = PBXFileReference; lastKnownFileType = sourcecode.swift; path = ProfileHost.swift; sourceTree = "<group>"; };
		02AA25A92AF2B00B00F29BFD /* ProfileSummary.swift */ = {isa = PBXFileReference; lastKnownFileType = sourcecode.swift; path = ProfileSummary.swift; sourceTree = "<group>"; };
		02AA25AC2AF2B0B000F29BFD /* HikeBadge.swift */ = {isa = PBXFileReference; lastKnownFileType = sourcecode.swift; path = HikeBadge.swift; sourceTree = "<group>"; };
		02AA25AE2AF2B33B00F29BFD /* ProfileEditor.swift */ = {isa = PBXFileReference; lastKnownFileType = sourcecode.swift; path = ProfileEditor.swift; sourceTree = "<group>"; };
		02AA25B02AF2C8C500F29BFD /* .gitignore */ = {isa = PBXFileReference; lastKnownFileType = text; path = .gitignore; sourceTree = "<group>"; };
/* End PBXFileReference section */

/* Begin PBXFrameworksBuildPhase section */
		025A345E2ADC76820008CAC0 /* Frameworks */ = {
			isa = PBXFrameworksBuildPhase;
			buildActionMask = 2147483647;
			files = (
			);
			runOnlyForDeploymentPostprocessing = 0;
		};
/* End PBXFrameworksBuildPhase section */

/* Begin PBXGroup section */
		025A34582ADC76820008CAC0 = {
			isa = PBXGroup;
			children = (
				02AA25B02AF2C8C500F29BFD /* .gitignore */,
				025A34632ADC76820008CAC0 /* lm */,
				025A34622ADC76820008CAC0 /* Products */,
			);
			sourceTree = "<group>";
		};
		025A34622ADC76820008CAC0 /* Products */ = {
			isa = PBXGroup;
			children = (
				025A34612ADC76820008CAC0 /* lm.app */,
			);
			name = Products;
			sourceTree = "<group>";
		};
		025A34632ADC76820008CAC0 /* lm */ = {
			isa = PBXGroup;
			children = (
				025A34642ADC76820008CAC0 /* lmApp.swift */,
				025A347E2ADC802A0008CAC0 /* Model */,
				025A347D2ADC80040008CAC0 /* Resources */,
				025A347C2ADC7FD10008CAC0 /* Views */,
				025A34682ADC76830008CAC0 /* Assets.xcassets */,
				025A346A2ADC76830008CAC0 /* Preview Content */,
			);
			path = lm;
			sourceTree = "<group>";
		};
		025A346A2ADC76830008CAC0 /* Preview Content */ = {
			isa = PBXGroup;
			children = (
				025A346B2ADC76830008CAC0 /* Preview Assets.xcassets */,
			);
			path = "Preview Content";
			sourceTree = "<group>";
		};
		025A347C2ADC7FD10008CAC0 /* Views */ = {
			isa = PBXGroup;
			children = (
				02AA25AB2AF2B0A300F29BFD /* Hikes */,
				02AA25A62AF2AF9800F29BFD /* Profiles */,
				02AA259D2AF29DF600F29BFD /* Categories */,
				025A34662ADC76820008CAC0 /* ContentView.swift */,
				02AA258F2AF2988600F29BFD /* Badge */,
				02AA25842AF2695000F29BFD /* Landmarks */,
				02AA25832AF268F800F29BFD /* Helper */,
			);
			name = Views;
			sourceTree = "<group>";
		};
		025A347D2ADC80040008CAC0 /* Resources */ = {
			isa = PBXGroup;
			children = (
				02AA25902AF299A900F29BFD /* hikeData.json */,
				025A34762ADC7E400008CAC0 /* landmarkData.json */,
				02AA25942AF29A5800F29BFD /* Hikes */,
			);
			path = Resources;
			sourceTree = "<group>";
		};
		025A347E2ADC802A0008CAC0 /* Model */ = {
			isa = PBXGroup;
			children = (
				02AA25922AF299D900F29BFD /* Hike.swift */,
				025A34782ADC7E540008CAC0 /* Landmark.swift */,
				025A347A2ADC7F210008CAC0 /* ModelData.swift */,
				02AA25A42AF2ADD700F29BFD /* Profile.swift */,
			);
			path = Model;
			sourceTree = "<group>";
		};
		02AA25832AF268F800F29BFD /* Helper */ = {
			isa = PBXGroup;
			children = (
				02AA25802AF267E900F29BFD /* FavoriteButton.swift */,
				025A34722ADC7B0C0008CAC0 /* CircleImage.swift */,
				025A34742ADC7B900008CAC0 /* MapView.swift */,
			);
			name = Helper;
			sourceTree = "<group>";
		};
		02AA25842AF2695000F29BFD /* Landmarks */ = {
			isa = PBXGroup;
			children = (
				02AA257E2AF2526C00F29BFD /* LandmarkDetail.swift */,
				025A347F2ADC81060008CAC0 /* LandmarkRow.swift */,
				026E67D12AEE3FA400C2D546 /* LandmarkList.swift */,
			);
			name = Landmarks;
			sourceTree = "<group>";
		};
		02AA258F2AF2988600F29BFD /* Badge */ = {
			isa = PBXGroup;
			children = (
				02AA25892AF297D400F29BFD /* BadgeSymbol.swift */,
				02AA258B2AF297F600F29BFD /* RotatedBadgeSymbol.swift */,
				02AA258D2AF2983C00F29BFD /* Badge.swift */,
				02AA25852AF2931F00F29BFD /* HexagonParameters.swift */,
				02AA25872AF293A600F29BFD /* BadgeBackground.swift */,
			);
			name = Badge;
			sourceTree = "<group>";
		};
		02AA25942AF29A5800F29BFD /* Hikes */ = {
			isa = PBXGroup;
			children = (
				02AA25952AF29A5800F29BFD /* GraphCapsule.swift */,
				02AA25962AF29A5800F29BFD /* HikeGraph.swift */,
				02AA25972AF29A5800F29BFD /* HikeDetail.swift */,
				02AA25982AF29A5800F29BFD /* HikeView.swift */,
			);
			path = Hikes;
			sourceTree = "<group>";
		};
		02AA259D2AF29DF600F29BFD /* Categories */ = {
			isa = PBXGroup;
			children = (
				02AA259E2AF29E0E00F29BFD /* CategoryHome.swift */,
				02AA25A02AF2AA1100F29BFD /* CategoryRow.swift */,
				02AA25A22AF2AA6700F29BFD /* CategoryItem.swift */,
			);
			name = Categories;
			sourceTree = "<group>";
		};
		02AA25A62AF2AF9800F29BFD /* Profiles */ = {
			isa = PBXGroup;
			children = (
				02AA25A72AF2AFC400F29BFD /* ProfileHost.swift */,
				02AA25AE2AF2B33B00F29BFD /* ProfileEditor.swift */,
				02AA25A92AF2B00B00F29BFD /* ProfileSummary.swift */,
			);
			name = Profiles;
			sourceTree = "<group>";
		};
		02AA25AB2AF2B0A300F29BFD /* Hikes */ = {
			isa = PBXGroup;
			children = (
				02AA25AC2AF2B0B000F29BFD /* HikeBadge.swift */,
			);
			name = Hikes;
			sourceTree = "<group>";
		};
/* End PBXGroup section */

/* Begin PBXNativeTarget section */
		025A34602ADC76820008CAC0 /* lm */ = {
			isa = PBXNativeTarget;
			buildConfigurationList = 025A346F2ADC76830008CAC0 /* Build configuration list for PBXNativeTarget "lm" */;
			buildPhases = (
				025A345D2ADC76820008CAC0 /* Sources */,
				025A345E2ADC76820008CAC0 /* Frameworks */,
				025A345F2ADC76820008CAC0 /* Resources */,
			);
			buildRules = (
			);
			dependencies = (
			);
			name = lm;
			productName = lm;
			productReference = 025A34612ADC76820008CAC0 /* lm.app */;
			productType = "com.apple.product-type.application";
		};
/* End PBXNativeTarget section */

/* Begin PBXProject section */
		025A34592ADC76820008CAC0 /* Project object */ = {
			isa = PBXProject;
			attributes = {
				BuildIndependentTargetsInParallel = 1;
				LastSwiftUpdateCheck = 1500;
				LastUpgradeCheck = 1500;
				TargetAttributes = {
					025A34602ADC76820008CAC0 = {
						CreatedOnToolsVersion = 15.0;
					};
				};
			};
			buildConfigurationList = 025A345C2ADC76820008CAC0 /* Build configuration list for PBXProject "lm" */;
			compatibilityVersion = "Xcode 14.0";
			developmentRegion = en;
			hasScannedForEncodings = 0;
			knownRegions = (
				en,
				Base,
			);
			mainGroup = 025A34582ADC76820008CAC0;
			productRefGroup = 025A34622ADC76820008CAC0 /* Products */;
			projectDirPath = "";
			projectRoot = "";
			targets = (
				025A34602ADC76820008CAC0 /* lm */,
			);
		};
/* End PBXProject section */

/* Begin PBXResourcesBuildPhase section */
		025A345F2ADC76820008CAC0 /* Resources */ = {
			isa = PBXResourcesBuildPhase;
			buildActionMask = 2147483647;
			files = (
				02AA25B12AF2C8C500F29BFD /* .gitignore in Resources */,
				02AA25912AF299A900F29BFD /* hikeData.json in Resources */,
				025A346C2ADC76830008CAC0 /* Preview Assets.xcassets in Resources */,
				025A34692ADC76830008CAC0 /* Assets.xcassets in Resources */,
				025A34772ADC7E400008CAC0 /* landmarkData.json in Resources */,
			);
			runOnlyForDeploymentPostprocessing = 0;
		};
/* End PBXResourcesBuildPhase section */

/* Begin PBXSourcesBuildPhase section */
		025A345D2ADC76820008CAC0 /* Sources */ = {
			isa = PBXSourcesBuildPhase;
			buildActionMask = 2147483647;
			files = (
				02AA25A12AF2AA1100F29BFD /* CategoryRow.swift in Sources */,
				02AA25A52AF2ADD700F29BFD /* Profile.swift in Sources */,
				025A34672ADC76820008CAC0 /* ContentView.swift in Sources */,
				02AA259F2AF29E0E00F29BFD /* CategoryHome.swift in Sources */,
				02AA259A2AF29A5800F29BFD /* HikeGraph.swift in Sources */,
				02AA258E2AF2983C00F29BFD /* Badge.swift in Sources */,
				025A34752ADC7B900008CAC0 /* MapView.swift in Sources */,
				02AA25992AF29A5800F29BFD /* GraphCapsule.swift in Sources */,
				025A34652ADC76820008CAC0 /* lmApp.swift in Sources */,
				02AA25812AF267E900F29BFD /* FavoriteButton.swift in Sources */,
				02AA25A32AF2AA6700F29BFD /* CategoryItem.swift in Sources */,
				02AA259B2AF29A5800F29BFD /* HikeDetail.swift in Sources */,
				02AA25AA2AF2B00B00F29BFD /* ProfileSummary.swift in Sources */,
				02AA25862AF2931F00F29BFD /* HexagonParameters.swift in Sources */,
				02AA25A82AF2AFC400F29BFD /* ProfileHost.swift in Sources */,
				02AA25932AF299D900F29BFD /* Hike.swift in Sources */,
				02AA258C2AF297F600F29BFD /* RotatedBadgeSymbol.swift in Sources */,
				02AA258A2AF297D400F29BFD /* BadgeSymbol.swift in Sources */,
				02AA25AF2AF2B33B00F29BFD /* ProfileEditor.swift in Sources */,
				026E67D22AEE3FA400C2D546 /* LandmarkList.swift in Sources */,
				02AA259C2AF29A5800F29BFD /* HikeView.swift in Sources */,
				02AA257F2AF2526C00F29BFD /* LandmarkDetail.swift in Sources */,
				02AA25882AF293A600F29BFD /* BadgeBackground.swift in Sources */,
				02AA25AD2AF2B0B000F29BFD /* HikeBadge.swift in Sources */,
				025A34732ADC7B0C0008CAC0 /* CircleImage.swift in Sources */,
				025A34792ADC7E540008CAC0 /* Landmark.swift in Sources */,
				025A34802ADC81060008CAC0 /* LandmarkRow.swift in Sources */,
				025A347B2ADC7F210008CAC0 /* ModelData.swift in Sources */,
			);
			runOnlyForDeploymentPostprocessing = 0;
		};
/* End PBXSourcesBuildPhase section */

/* Begin XCBuildConfiguration section */
		025A346D2ADC76830008CAC0 /* Debug */ = {
			isa = XCBuildConfiguration;
			buildSettings = {
				ALWAYS_SEARCH_USER_PATHS = NO;
				ASSETCATALOG_COMPILER_GENERATE_SWIFT_ASSET_SYMBOL_EXTENSIONS = YES;
				CLANG_ANALYZER_NONNULL = YES;
				CLANG_ANALYZER_NUMBER_OBJECT_CONVERSION = YES_AGGRESSIVE;
				CLANG_CXX_LANGUAGE_STANDARD = "gnu++20";
				CLANG_ENABLE_MODULES = YES;
				CLANG_ENABLE_OBJC_ARC = YES;
				CLANG_ENABLE_OBJC_WEAK = YES;
				CLANG_WARN_BLOCK_CAPTURE_AUTORELEASING = YES;
				CLANG_WARN_BOOL_CONVERSION = YES;
				CLANG_WARN_COMMA = YES;
				CLANG_WARN_CONSTANT_CONVERSION = YES;
				CLANG_WARN_DEPRECATED_OBJC_IMPLEMENTATIONS = YES;
				CLANG_WARN_DIRECT_OBJC_ISA_USAGE = YES_ERROR;
				CLANG_WARN_DOCUMENTATION_COMMENTS = YES;
				CLANG_WARN_EMPTY_BODY = YES;
				CLANG_WARN_ENUM_CONVERSION = YES;
				CLANG_WARN_INFINITE_RECURSION = YES;
				CLANG_WARN_INT_CONVERSION = YES;
				CLANG_WARN_NON_LITERAL_NULL_CONVERSION = YES;
				CLANG_WARN_OBJC_IMPLICIT_RETAIN_SELF = YES;
				CLANG_WARN_OBJC_LITERAL_CONVERSION = YES;
				CLANG_WARN_OBJC_ROOT_CLASS = YES_ERROR;
				CLANG_WARN_QUOTED_INCLUDE_IN_FRAMEWORK_HEADER = YES;
				CLANG_WARN_RANGE_LOOP_ANALYSIS = YES;
				CLANG_WARN_STRICT_PROTOTYPES = YES;
				CLANG_WARN_SUSPICIOUS_MOVE = YES;
				CLANG_WARN_UNGUARDED_AVAILABILITY = YES_AGGRESSIVE;
				CLANG_WARN_UNREACHABLE_CODE = YES;
				CLANG_WARN__DUPLICATE_METHOD_MATCH = YES;
				COPY_PHASE_STRIP = NO;
				DEBUG_INFORMATION_FORMAT = dwarf;
				ENABLE_STRICT_OBJC_MSGSEND = YES;
				ENABLE_TESTABILITY = YES;
				ENABLE_USER_SCRIPT_SANDBOXING = YES;
				GCC_C_LANGUAGE_STANDARD = gnu17;
				GCC_DYNAMIC_NO_PIC = NO;
				GCC_NO_COMMON_BLOCKS = YES;
				GCC_OPTIMIZATION_LEVEL = 0;
				GCC_PREPROCESSOR_DEFINITIONS = (
					"DEBUG=1",
					"$(inherited)",
				);
				GCC_WARN_64_TO_32_BIT_CONVERSION = YES;
				GCC_WARN_ABOUT_RETURN_TYPE = YES_ERROR;
				GCC_WARN_UNDECLARED_SELECTOR = YES;
				GCC_WARN_UNINITIALIZED_AUTOS = YES_AGGRESSIVE;
				GCC_WARN_UNUSED_FUNCTION = YES;
				GCC_WARN_UNUSED_VARIABLE = YES;
				IPHONEOS_DEPLOYMENT_TARGET = 17.0;
				LOCALIZATION_PREFERS_STRING_CATALOGS = YES;
				MTL_ENABLE_DEBUG_INFO = INCLUDE_SOURCE;
				MTL_FAST_MATH = YES;
				ONLY_ACTIVE_ARCH = YES;
				SDKROOT = iphoneos;
				SWIFT_ACTIVE_COMPILATION_CONDITIONS = "DEBUG $(inherited)";
				SWIFT_OPTIMIZATION_LEVEL = "-Onone";
			};
			name = Debug;
		};
		025A346E2ADC76830008CAC0 /* Release */ = {
			isa = XCBuildConfiguration;
			buildSettings = {
				ALWAYS_SEARCH_USER_PATHS = NO;
				ASSETCATALOG_COMPILER_GENERATE_SWIFT_ASSET_SYMBOL_EXTENSIONS = YES;
				CLANG_ANALYZER_NONNULL = YES;
				CLANG_ANALYZER_NUMBER_OBJECT_CONVERSION = YES_AGGRESSIVE;
				CLANG_CXX_LANGUAGE_STANDARD = "gnu++20";
				CLANG_ENABLE_MODULES = YES;
				CLANG_ENABLE_OBJC_ARC = YES;
				CLANG_ENABLE_OBJC_WEAK = YES;
				CLANG_WARN_BLOCK_CAPTURE_AUTORELEASING = YES;
				CLANG_WARN_BOOL_CONVERSION = YES;
				CLANG_WARN_COMMA = YES;
				CLANG_WARN_CONSTANT_CONVERSION = YES;
				CLANG_WARN_DEPRECATED_OBJC_IMPLEMENTATIONS = YES;
				CLANG_WARN_DIRECT_OBJC_ISA_USAGE = YES_ERROR;
				CLANG_WARN_DOCUMENTATION_COMMENTS = YES;
				CLANG_WARN_EMPTY_BODY = YES;
				CLANG_WARN_ENUM_CONVERSION = YES;
				CLANG_WARN_INFINITE_RECURSION = YES;
				CLANG_WARN_INT_CONVERSION = YES;
				CLANG_WARN_NON_LITERAL_NULL_CONVERSION = YES;
				CLANG_WARN_OBJC_IMPLICIT_RETAIN_SELF = YES;
				CLANG_WARN_OBJC_LITERAL_CONVERSION = YES;
				CLANG_WARN_OBJC_ROOT_CLASS = YES_ERROR;
				CLANG_WARN_QUOTED_INCLUDE_IN_FRAMEWORK_HEADER = YES;
				CLANG_WARN_RANGE_LOOP_ANALYSIS = YES;
				CLANG_WARN_STRICT_PROTOTYPES = YES;
				CLANG_WARN_SUSPICIOUS_MOVE = YES;
				CLANG_WARN_UNGUARDED_AVAILABILITY = YES_AGGRESSIVE;
				CLANG_WARN_UNREACHABLE_CODE = YES;
				CLANG_WARN__DUPLICATE_METHOD_MATCH = YES;
				COPY_PHASE_STRIP = NO;
				DEBUG_INFORMATION_FORMAT = "dwarf-with-dsym";
				ENABLE_NS_ASSERTIONS = NO;
				ENABLE_STRICT_OBJC_MSGSEND = YES;
				ENABLE_USER_SCRIPT_SANDBOXING = YES;
				GCC_C_LANGUAGE_STANDARD = gnu17;
				GCC_NO_COMMON_BLOCKS = YES;
				GCC_WARN_64_TO_32_BIT_CONVERSION = YES;
				GCC_WARN_ABOUT_RETURN_TYPE = YES_ERROR;
				GCC_WARN_UNDECLARED_SELECTOR = YES;
				GCC_WARN_UNINITIALIZED_AUTOS = YES_AGGRESSIVE;
				GCC_WARN_UNUSED_FUNCTION = YES;
				GCC_WARN_UNUSED_VARIABLE = YES;
				IPHONEOS_DEPLOYMENT_TARGET = 17.0;
				LOCALIZATION_PREFERS_STRING_CATALOGS = YES;
				MTL_ENABLE_DEBUG_INFO = NO;
				MTL_FAST_MATH = YES;
				SDKROOT = iphoneos;
				SWIFT_COMPILATION_MODE = wholemodule;
				VALIDATE_PRODUCT = YES;
			};
			name = Release;
		};
		025A34702ADC76830008CAC0 /* Debug */ = {
			isa = XCBuildConfiguration;
			buildSettings = {
				ASSETCATALOG_COMPILER_APPICON_NAME = AppIcon;
				ASSETCATALOG_COMPILER_GLOBAL_ACCENT_COLOR_NAME = AccentColor;
				CODE_SIGN_STYLE = Automatic;
				CURRENT_PROJECT_VERSION = 1;
				DEVELOPMENT_ASSET_PATHS = "\"lm/Preview Content\"";
				DEVELOPMENT_TEAM = 7X3LH5A59P;
				ENABLE_PREVIEWS = YES;
				GENERATE_INFOPLIST_FILE = YES;
				INFOPLIST_KEY_UIApplicationSceneManifest_Generation = YES;
				INFOPLIST_KEY_UIApplicationSupportsIndirectInputEvents = YES;
				INFOPLIST_KEY_UILaunchScreen_Generation = YES;
				INFOPLIST_KEY_UISupportedInterfaceOrientations_iPad = "UIInterfaceOrientationPortrait UIInterfaceOrientationPortraitUpsideDown UIInterfaceOrientationLandscapeLeft UIInterfaceOrientationLandscapeRight";
				INFOPLIST_KEY_UISupportedInterfaceOrientations_iPhone = "UIInterfaceOrientationPortrait UIInterfaceOrientationLandscapeLeft UIInterfaceOrientationLandscapeRight";
				LD_RUNPATH_SEARCH_PATHS = (
					"$(inherited)",
					"@executable_path/Frameworks",
				);
				MARKETING_VERSION = 1.0;
				PRODUCT_BUNDLE_IDENTIFIER = lr3m.lm;
				PRODUCT_NAME = "$(TARGET_NAME)";
				SWIFT_EMIT_LOC_STRINGS = YES;
				SWIFT_VERSION = 5.0;
				TARGETED_DEVICE_FAMILY = "1,2";
			};
			name = Debug;
		};
		025A34712ADC76830008CAC0 /* Release */ = {
			isa = XCBuildConfiguration;
			buildSettings = {
				ASSETCATALOG_COMPILER_APPICON_NAME = AppIcon;
				ASSETCATALOG_COMPILER_GLOBAL_ACCENT_COLOR_NAME = AccentColor;
				CODE_SIGN_STYLE = Automatic;
				CURRENT_PROJECT_VERSION = 1;
				DEVELOPMENT_ASSET_PATHS = "\"lm/Preview Content\"";
				DEVELOPMENT_TEAM = 7X3LH5A59P;
				ENABLE_PREVIEWS = YES;
				GENERATE_INFOPLIST_FILE = YES;
				INFOPLIST_KEY_UIApplicationSceneManifest_Generation = YES;
				INFOPLIST_KEY_UIApplicationSupportsIndirectInputEvents = YES;
				INFOPLIST_KEY_UILaunchScreen_Generation = YES;
				INFOPLIST_KEY_UISupportedInterfaceOrientations_iPad = "UIInterfaceOrientationPortrait UIInterfaceOrientationPortraitUpsideDown UIInterfaceOrientationLandscapeLeft UIInterfaceOrientationLandscapeRight";
				INFOPLIST_KEY_UISupportedInterfaceOrientations_iPhone = "UIInterfaceOrientationPortrait UIInterfaceOrientationLandscapeLeft UIInterfaceOrientationLandscapeRight";
				LD_RUNPATH_SEARCH_PATHS = (
					"$(inherited)",
					"@executable_path/Frameworks",
				);
				MARKETING_VERSION = 1.0;
				PRODUCT_BUNDLE_IDENTIFIER = lr3m.lm;
				PRODUCT_NAME = "$(TARGET_NAME)";
				SWIFT_EMIT_LOC_STRINGS = YES;
				SWIFT_VERSION = 5.0;
				TARGETED_DEVICE_FAMILY = "1,2";
			};
			name = Release;
		};
/* End XCBuildConfiguration section */

/* Begin XCConfigurationList section */
		025A345C2ADC76820008CAC0 /* Build configuration list for PBXProject "lm" */ = {
			isa = XCConfigurationList;
			buildConfigurations = (
				025A346D2ADC76830008CAC0 /* Debug */,
				025A346E2ADC76830008CAC0 /* Release */,
			);
			defaultConfigurationIsVisible = 0;
			defaultConfigurationName = Release;
		};
		025A346F2ADC76830008CAC0 /* Build configuration list for PBXNativeTarget "lm" */ = {
			isa = XCConfigurationList;
			buildConfigurations = (
				025A34702ADC76830008CAC0 /* Debug */,
				025A34712ADC76830008CAC0 /* Release */,
			);
			defaultConfigurationIsVisible = 0;
			defaultConfigurationName = Release;
		};
/* End XCConfigurationList section */
	};
	rootObject = 025A34592ADC76820008CAC0 /* Project object */;
}
